
Microsoft Visual Studio Solution File, Format Version 12.00
# Visual Studio Version 17
VisualStudioVersion = 17.7.34031.279
MinimumVisualStudioVersion = 10.0.40219.1
Project("{8BC9CEB8-8B4A-11D0-8D11-00A0C91BC942}") = "ParkingMgtSystem", "ParkingMgtSystem.vcxproj", "{9B3F2B8C-9ACA-4807-AC24-F2CB5E63C220}"
EndProject
Global
	GlobalSection(SolutionConfigurationPlatforms) = preSolution
		Debug|x64 = Debug|x64
		Debug|x86 = Debug|x86
		Release|x64 = Release|x64
		Release|x86 = Release|x86
	EndGlobalSection
	GlobalSection(ProjectConfigurationPlatforms) = postSolution
		{9B3F2B8C-9ACA-4807-AC24-F2CB5E63C220}.Debug|x64.ActiveCfg = Debug|x64
		{9B3F2B8C-9ACA-4807-AC24-F2CB5E63C220}.Debug|x64.Build.0 = Debug|x64
		{9B3F2B8C-9ACA-4807-AC24-F2CB5E63C220}.Debug|x86.ActiveCfg = Debug|Win32
		{9B3F2B8C-9ACA-4807-AC24-F2CB5E63C220}.Debug|x86.Build.0 = Debug|Win32
		{9B3F2B8C-9ACA-4807-AC24-F2CB5E63C220}.Release|x64.ActiveCfg = Release|x64
		{9B3F2B8C-9ACA-4807-AC24-F2CB5E63C220}.Release|x64.Build.0 = Release|x64
		{9B3F2B8C-9ACA-4807-AC24-F2CB5E63C220}.Release|x86.ActiveCfg = Release|Win32
		{9B3F2B8C-9ACA-4807-AC24-F2CB5E63C220}.Release|x86.Build.0 = Release|Win32
	EndGlobalSection
	GlobalSection(SolutionProperties) = preSolution
		HideSolutionNode = FALSE
	EndGlobalSection
	GlobalSection(ExtensibilityGlobals) = postSolution
		SolutionGuid = {57FE7506-E50B-4562-AAE3-550D62A58A44}
	EndGlobalSection
EndGlobal
